
Microsoft Visual Studio Solution File, Format Version 12.00
# Visual Studio Version 17
VisualStudioVersion = 17.11.35327.3
MinimumVisualStudioVersion = 10.0.40219.1
Project("{FAE04EC0-301F-11D3-BF4B-00C04F79EFBC}") = "miniprojectmaster", "miniprojectmaster\miniprojectmaster.csproj", "{E4ACC559-AD73-4FE0-AF89-BBD249F056D5}"
EndProject
Global
	GlobalSection(SolutionConfigurationPlatforms) = preSolution
		Debug|Any CPU = Debug|Any CPU
		Release|Any CPU = Release|Any CPU
	EndGlobalSection
	GlobalSection(ProjectConfigurationPlatforms) = postSolution
		{E4ACC559-AD73-4FE0-AF89-BBD249F056D5}.Debug|Any CPU.ActiveCfg = Debug|Any CPU
		{E4ACC559-AD73-4FE0-AF89-BBD249F056D5}.Debug|Any CPU.Build.0 = Debug|Any CPU
		{E4ACC559-AD73-4FE0-AF89-BBD249F056D5}.Release|Any CPU.ActiveCfg = Release|Any CPU
		{E4ACC559-AD73-4FE0-AF89-BBD249F056D5}.Release|Any CPU.Build.0 = Release|Any CPU
	EndGlobalSection
	GlobalSection(SolutionProperties) = preSolution
		HideSolutionNode = FALSE
	EndGlobalSection
	GlobalSection(ExtensibilityGlobals) = postSolution
		SolutionGuid = {1F1A400E-F145-4149-9582-819FA8F51293}
	EndGlobalSection
EndGlobal
